("quicklisp" .
 (:class qlot/source/dist:source-dist
  :initargs (:distribution "https://beta.quicklisp.org/dist/quicklisp.txt" :%version :latest)
  :version "2024-10-12"))
("mito-auth" .
 (:class qlot/source/github:source-github
  :initargs (:repos "fukamachi/mito-auth" :ref nil :branch nil :tag nil)
  :version "github-1105f1cd3314f71677b969b7d553bcb8e3adc1e5"))
("jzon-util" .
 (:class qlot/source/github:source-github
  :initargs (:repos "daninus14/jzon-util" :ref nil :branch nil :tag nil)
  :version "github-47a93d66b512e4f0afe5065d5bc4dd93787bbd4d"))
("jzon" .
 (:class qlot/source/github:source-github
  :initargs (:repos "daninus14/jzon" :ref nil :branch "metaclass-extensibility" :tag nil)
  :version "github-b7fb3b97549957de27692c64871999c4cbd27d94"))
